# This file is autogenerated, do not edit; changes may be undone by the next 'dep ensure'.


[[projects]]
  digest = "1:76dc72490af7174349349838f2fe118996381b31ea83243812a97e5a0fd5ed55"
  name = "github.com/dgrijalva/jwt-go"
  packages = ["."]
  pruneopts = "UT"
  revision = "06ea1031745cb8b3dab3f6a236daf2b0aa468b7e"
  version = "v3.2.0"

[[projects]]
  digest = "1:b117faf01abdbdadd7b8ceeae74cd1369c1b073fef41aee8b674c9d704a54c16"
  name = "github.com/gorilla/handlers"
  packages = ["."]
  pruneopts = "UT"
  revision = "8a3748addc242fc560bd6d4ff28b0374c010b1b4"
  version = "v1.4.2"

[[projects]]
  digest = "1:cbec35fe4d5a4fba369a656a8cd65e244ea2c743007d8f6c1ccb132acf9d1296"
  name = "github.com/gorilla/mux"
  packages = ["."]
  pruneopts = "UT"
  revision = "00bdffe0f3c77e27d2cf6f5c70232a2d3e4d9c15"
  version = "v1.7.3"

[[projects]]
  digest = "1:da6718abe4d47b1132d98bf3f9b18e302d537bf6daf02bd40804d9295a3f32bd"
  name = "github.com/jinzhu/gorm"
  packages = [
    ".",
    "dialects/postgres",
  ]
  pruneopts = "UT"
  revision = "836fb2c19d84dac7b0272958dfb9af7cf0d0ade4"
  version = "v1.9.10"

[[projects]]
  digest = "1:01ed62f8f4f574d8aff1d88caee113700a2b44c42351943fa73cc1808f736a50"
  name = "github.com/jinzhu/inflection"
  packages = ["."]
  pruneopts = "UT"
  revision = "f5c5f50e6090ae76a29240b61ae2a90dd810112e"
  version = "v1.0.0"

[[projects]]
  digest = "1:0ead8e64fe356bd9221605e3ec40b4438509868018cbbbaaaff3ebae1b69b78b"
  name = "github.com/lib/pq"
  packages = [
    ".",
    "hstore",
    "oid",
    "scram",
  ]
  pruneopts = "UT"
  revision = "3427c32cb71afc948325f299f040e53c1dd78979"
  version = "v1.2.0"

[[projects]]
  digest = "1:c5dfe46811af7e2eff7c11fc84b6c841520338613c056f659f262d5a4fb42fa8"
  name = "github.com/rs/cors"
  packages = ["."]
  pruneopts = "UT"
  revision = "db0fe48135e83b5812a5a31be0eea66984b1b521"
  version = "v1.7.0"

[[projects]]
  branch = "master"
  digest = "1:623b46deaa755036d5774a5e4815fd79fe59480ccdc34c0ae68c3bc1996ba679"
  name = "golang.org/x/crypto"
  packages = [
    "argon2",
    "bcrypt",
    "blake2b",
    "blowfish",
    "pbkdf2",
    "scrypt",
  ]
  pruneopts = "UT"
  revision = "4def268fd1a49955bfb3dda92fe3db4f924f2285"

[[projects]]
  branch = "master"
  digest = "1:9289797869517c73400e7b5a93beefbfc86e06f56e3ab03f38fb0d575e685277"
  name = "golang.org/x/sys"
  packages = ["cpu"]
  pruneopts = "UT"
  revision = "fde4db37ae7ad8191b03d30d27f258b5291ae4e3"

[[projects]]
  digest = "1:174d05aec0155083f9b461f21a0a5c94f396c3cdb44f62445009ca05eef1372b"
  name = "gopkg.in/hlandau/easymetric.v1"
  packages = ["cexp"]
  pruneopts = "UT"
  revision = "1c173222e345c2ba115e0f483821c6da2d3b0fa9"
  version = "v1.0.0"

[[projects]]
  digest = "1:7bd63ad360d64ba912bee8cbcafe8ffe63e7cb800c8d49d76ed709f2bb8ba103"
  name = "gopkg.in/hlandau/measurable.v1"
  packages = ["."]
  pruneopts = "UT"
  revision = "d96a009bd9bda94dd1294105e67e8c1794e533d3"
  version = "v1.0.1"

[[projects]]
  digest = "1:9c618e8bff87568bfe399798d38e3fb9823ba51eedc9163102efde0e5307d3e7"
  name = "gopkg.in/hlandau/passlib.v1"
  packages = [
    ".",
    "abstract",
    "hash/argon2",
    "hash/argon2/raw",
    "hash/bcrypt",
    "hash/bcryptsha256",
    "hash/pbkdf2",
    "hash/pbkdf2/raw",
    "hash/scrypt",
    "hash/scrypt/raw",
    "hash/sha2crypt",
    "hash/sha2crypt/raw",
  ]
  pruneopts = "UT"
  revision = "b833d45cabf4a5151d9f955811216c6e7e377537"
  version = "v1.0.10"

[solve-meta]
  analyzer-name = "dep"
  analyzer-version = 1
  input-imports = [
    "github.com/dgrijalva/jwt-go",
    "github.com/gorilla/handlers",
    "github.com/gorilla/mux",
    "github.com/jinzhu/gorm",
    "github.com/jinzhu/gorm/dialects/postgres",
    "github.com/rs/cors",
    "gopkg.in/hlandau/passlib.v1",
  ]
  solver-name = "gps-cdcl"
  solver-version = 1
